
Microsoft Visual Studio Solution File, Format Version 12.00
# Visual Studio Version 17
VisualStudioVersion = 17.12.35527.113 d17.12
MinimumVisualStudioVersion = 10.0.40219.1
Project("{FAE04EC0-301F-11D3-BF4B-00C04F79EFBC}") = "Reddit-Clone", "Reddit-Clone\Reddit-Clone.csproj", "{E3EC33B2-ED62-420D-889F-7125D2622F0A}"
EndProject
Global
	GlobalSection(SolutionConfigurationPlatforms) = preSolution
		Debug|Any CPU = Debug|Any CPU
		Release|Any CPU = Release|Any CPU
	EndGlobalSection
	GlobalSection(ProjectConfigurationPlatforms) = postSolution
		{E3EC33B2-ED62-420D-889F-7125D2622F0A}.Debug|Any CPU.ActiveCfg = Debug|Any CPU
		{E3EC33B2-ED62-420D-889F-7125D2622F0A}.Debug|Any CPU.Build.0 = Debug|Any CPU
		{E3EC33B2-ED62-420D-889F-7125D2622F0A}.Release|Any CPU.ActiveCfg = Release|Any CPU
		{E3EC33B2-ED62-420D-889F-7125D2622F0A}.Release|Any CPU.Build.0 = Release|Any CPU
	EndGlobalSection
	GlobalSection(SolutionProperties) = preSolution
		HideSolutionNode = FALSE
	EndGlobalSection
EndGlobal
